
Microsoft Visual Studio Solution File, Format Version 12.00
# Visual Studio Version 17
VisualStudioVersion = 17.3.32922.545
MinimumVisualStudioVersion = 10.0.40219.1
Project("{FAE04EC0-301F-11D3-BF4B-00C04F79EFBC}") = "UniversityWebAPI", "UniversityWebAPI.csproj", "{2A3F6991-8A83-494F-B5E8-4C24CC970A9B}"
EndProject
Global
	GlobalSection(SolutionConfigurationPlatforms) = preSolution
		Debug|Any CPU = Debug|Any CPU
		Release|Any CPU = Release|Any CPU
	EndGlobalSection
	GlobalSection(ProjectConfigurationPlatforms) = postSolution
		{2A3F6991-8A83-494F-B5E8-4C24CC970A9B}.Debug|Any CPU.ActiveCfg = Debug|Any CPU
		{2A3F6991-8A83-494F-B5E8-4C24CC970A9B}.Debug|Any CPU.Build.0 = Debug|Any CPU
		{2A3F6991-8A83-494F-B5E8-4C24CC970A9B}.Release|Any CPU.ActiveCfg = Release|Any CPU
		{2A3F6991-8A83-494F-B5E8-4C24CC970A9B}.Release|Any CPU.Build.0 = Release|Any CPU
	EndGlobalSection
	GlobalSection(SolutionProperties) = preSolution
		HideSolutionNode = FALSE
	EndGlobalSection
	GlobalSection(ExtensibilityGlobals) = postSolution
		SolutionGuid = {2AC7B8D5-0C3C-4721-8A1D-D9C08E4773E4}
	EndGlobalSection
EndGlobal
